
Microsoft Visual Studio Solution File, Format Version 12.00
# Visual Studio Version 17
VisualStudioVersion = 17.0.31903.59
MinimumVisualStudioVersion = 10.0.40219.1
Project("{FAE04EC0-301F-11D3-BF4B-00C04F79EFBC}") = "BCS-VR-Museum", "BCS-VR-Museum.csproj", "{66586481-5B67-4DF2-B2E6-3C7C8D975FA8}"
EndProject
Project("{FAE04EC0-301F-11D3-BF4B-00C04F79EFBC}") = "Core", "..\Core\Core.csproj", "{516DC4F3-614D-4552-AB75-EF034797622B}"
EndProject
Project("{FAE04EC0-301F-11D3-BF4B-00C04F79EFBC}") = "Application", "..\Application\Application.csproj", "{0E7D1C6B-9A35-4BEA-8330-C5D2ED094C62}"
EndProject
Project("{FAE04EC0-301F-11D3-BF4B-00C04F79EFBC}") = "Infrastructure.Vitrivr", "..\Infrastructure.Vitrivr\Infrastructure.Vitrivr.csproj", "{844E09AA-08F1-4DDA-8C39-9FF15C7FF89C}"
EndProject
Project("{FAE04EC0-301F-11D3-BF4B-00C04F79EFBC}") = "Infrastructure.Media", "..\Infrastructure.Media\Infrastructure.Media.csproj", "{B819E3E2-55A7-44B5-9F22-BFDB232560C7}"
EndProject
Project("{FAE04EC0-301F-11D3-BF4B-00C04F79EFBC}") = "Application.Abstractions", "..\Application.Abstractions\Application.Abstractions.csproj", "{78AC88B3-928C-440D-8F68-4167ED213484}"
EndProject
Project("{FAE04EC0-301F-11D3-BF4B-00C04F79EFBC}") = "Application.Factory", "..\Application.Factory\Application.Factory.csproj", "{11F0ECC4-11C6-47F4-8460-81D9575D38C6}"
EndProject
Project("{FAE04EC0-301F-11D3-BF4B-00C04F79EFBC}") = "Models", "..\Models\Models.csproj", "{FC8DEA54-2913-4C4A-B224-F003D14DCC7B}"
EndProject
Project("{FAE04EC0-301F-11D3-BF4B-00C04F79EFBC}") = "Logger", "..\Logger\Logger.csproj", "{89BCD909-9F15-4876-94A2-D01C45443937}"
EndProject
Global
	GlobalSection(SolutionConfigurationPlatforms) = preSolution
		Debug|Any CPU = Debug|Any CPU
		Debug|x64 = Debug|x64
		Debug|x86 = Debug|x86
		Release|Any CPU = Release|Any CPU
		Release|x64 = Release|x64
		Release|x86 = Release|x86
	EndGlobalSection
	GlobalSection(ProjectConfigurationPlatforms) = postSolution
		{66586481-5B67-4DF2-B2E6-3C7C8D975FA8}.Debug|Any CPU.ActiveCfg = Debug|Any CPU
		{66586481-5B67-4DF2-B2E6-3C7C8D975FA8}.Debug|Any CPU.Build.0 = Debug|Any CPU
		{66586481-5B67-4DF2-B2E6-3C7C8D975FA8}.Debug|x64.ActiveCfg = Debug|Any CPU
		{66586481-5B67-4DF2-B2E6-3C7C8D975FA8}.Debug|x64.Build.0 = Debug|Any CPU
		{66586481-5B67-4DF2-B2E6-3C7C8D975FA8}.Debug|x86.ActiveCfg = Debug|Any CPU
		{66586481-5B67-4DF2-B2E6-3C7C8D975FA8}.Debug|x86.Build.0 = Debug|Any CPU
		{66586481-5B67-4DF2-B2E6-3C7C8D975FA8}.Release|Any CPU.ActiveCfg = Debug|Any CPU
		{66586481-5B67-4DF2-B2E6-3C7C8D975FA8}.Release|Any CPU.Build.0 = Debug|Any CPU
		{66586481-5B67-4DF2-B2E6-3C7C8D975FA8}.Release|x64.ActiveCfg = Debug|Any CPU
		{66586481-5B67-4DF2-B2E6-3C7C8D975FA8}.Release|x64.Build.0 = Debug|Any CPU
		{66586481-5B67-4DF2-B2E6-3C7C8D975FA8}.Release|x86.ActiveCfg = Debug|Any CPU
		{66586481-5B67-4DF2-B2E6-3C7C8D975FA8}.Release|x86.Build.0 = Debug|Any CPU
		{516DC4F3-614D-4552-AB75-EF034797622B}.Debug|Any CPU.ActiveCfg = Debug|Any CPU
		{516DC4F3-614D-4552-AB75-EF034797622B}.Debug|Any CPU.Build.0 = Debug|Any CPU
		{516DC4F3-614D-4552-AB75-EF034797622B}.Debug|x64.ActiveCfg = Debug|Any CPU
		{516DC4F3-614D-4552-AB75-EF034797622B}.Debug|x64.Build.0 = Debug|Any CPU
		{516DC4F3-614D-4552-AB75-EF034797622B}.Debug|x86.ActiveCfg = Debug|Any CPU
		{516DC4F3-614D-4552-AB75-EF034797622B}.Debug|x86.Build.0 = Debug|Any CPU
		{516DC4F3-614D-4552-AB75-EF034797622B}.Release|Any CPU.ActiveCfg = Release|Any CPU
		{516DC4F3-614D-4552-AB75-EF034797622B}.Release|Any CPU.Build.0 = Release|Any CPU
		{516DC4F3-614D-4552-AB75-EF034797622B}.Release|x64.ActiveCfg = Release|Any CPU
		{516DC4F3-614D-4552-AB75-EF034797622B}.Release|x64.Build.0 = Release|Any CPU
		{516DC4F3-614D-4552-AB75-EF034797622B}.Release|x86.ActiveCfg = Release|Any CPU
		{516DC4F3-614D-4552-AB75-EF034797622B}.Release|x86.Build.0 = Release|Any CPU
		{0E7D1C6B-9A35-4BEA-8330-C5D2ED094C62}.Debug|Any CPU.ActiveCfg = Debug|Any CPU
		{0E7D1C6B-9A35-4BEA-8330-C5D2ED094C62}.Debug|Any CPU.Build.0 = Debug|Any CPU
		{0E7D1C6B-9A35-4BEA-8330-C5D2ED094C62}.Debug|x64.ActiveCfg = Debug|Any CPU
		{0E7D1C6B-9A35-4BEA-8330-C5D2ED094C62}.Debug|x64.Build.0 = Debug|Any CPU
		{0E7D1C6B-9A35-4BEA-8330-C5D2ED094C62}.Debug|x86.ActiveCfg = Debug|Any CPU
		{0E7D1C6B-9A35-4BEA-8330-C5D2ED094C62}.Debug|x86.Build.0 = Debug|Any CPU
		{0E7D1C6B-9A35-4BEA-8330-C5D2ED094C62}.Release|Any CPU.ActiveCfg = Release|Any CPU
		{0E7D1C6B-9A35-4BEA-8330-C5D2ED094C62}.Release|Any CPU.Build.0 = Release|Any CPU
		{0E7D1C6B-9A35-4BEA-8330-C5D2ED094C62}.Release|x64.ActiveCfg = Release|Any CPU
		{0E7D1C6B-9A35-4BEA-8330-C5D2ED094C62}.Release|x64.Build.0 = Release|Any CPU
		{0E7D1C6B-9A35-4BEA-8330-C5D2ED094C62}.Release|x86.ActiveCfg = Release|Any CPU
		{0E7D1C6B-9A35-4BEA-8330-C5D2ED094C62}.Release|x86.Build.0 = Release|Any CPU
		{844E09AA-08F1-4DDA-8C39-9FF15C7FF89C}.Debug|Any CPU.ActiveCfg = Debug|Any CPU
		{844E09AA-08F1-4DDA-8C39-9FF15C7FF89C}.Debug|Any CPU.Build.0 = Debug|Any CPU
		{844E09AA-08F1-4DDA-8C39-9FF15C7FF89C}.Debug|x64.ActiveCfg = Debug|Any CPU
		{844E09AA-08F1-4DDA-8C39-9FF15C7FF89C}.Debug|x64.Build.0 = Debug|Any CPU
		{844E09AA-08F1-4DDA-8C39-9FF15C7FF89C}.Debug|x86.ActiveCfg = Debug|Any CPU
		{844E09AA-08F1-4DDA-8C39-9FF15C7FF89C}.Debug|x86.Build.0 = Debug|Any CPU
		{844E09AA-08F1-4DDA-8C39-9FF15C7FF89C}.Release|Any CPU.ActiveCfg = Release|Any CPU
		{844E09AA-08F1-4DDA-8C39-9FF15C7FF89C}.Release|Any CPU.Build.0 = Release|Any CPU
		{844E09AA-08F1-4DDA-8C39-9FF15C7FF89C}.Release|x64.ActiveCfg = Release|Any CPU
		{844E09AA-08F1-4DDA-8C39-9FF15C7FF89C}.Release|x64.Build.0 = Release|Any CPU
		{844E09AA-08F1-4DDA-8C39-9FF15C7FF89C}.Release|x86.ActiveCfg = Release|Any CPU
		{844E09AA-08F1-4DDA-8C39-9FF15C7FF89C}.Release|x86.Build.0 = Release|Any CPU
		{B819E3E2-55A7-44B5-9F22-BFDB232560C7}.Debug|Any CPU.ActiveCfg = Debug|Any CPU
		{B819E3E2-55A7-44B5-9F22-BFDB232560C7}.Debug|Any CPU.Build.0 = Debug|Any CPU
		{B819E3E2-55A7-44B5-9F22-BFDB232560C7}.Debug|x64.ActiveCfg = Debug|Any CPU
		{B819E3E2-55A7-44B5-9F22-BFDB232560C7}.Debug|x64.Build.0 = Debug|Any CPU
		{B819E3E2-55A7-44B5-9F22-BFDB232560C7}.Debug|x86.ActiveCfg = Debug|Any CPU
		{B819E3E2-55A7-44B5-9F22-BFDB232560C7}.Debug|x86.Build.0 = Debug|Any CPU
		{B819E3E2-55A7-44B5-9F22-BFDB232560C7}.Release|Any CPU.ActiveCfg = Release|Any CPU
		{B819E3E2-55A7-44B5-9F22-BFDB232560C7}.Release|Any CPU.Build.0 = Release|Any CPU
		{B819E3E2-55A7-44B5-9F22-BFDB232560C7}.Release|x64.ActiveCfg = Release|Any CPU
		{B819E3E2-55A7-44B5-9F22-BFDB232560C7}.Release|x64.Build.0 = Release|Any CPU
		{B819E3E2-55A7-44B5-9F22-BFDB232560C7}.Release|x86.ActiveCfg = Release|Any CPU
		{B819E3E2-55A7-44B5-9F22-BFDB232560C7}.Release|x86.Build.0 = Release|Any CPU
		{78AC88B3-928C-440D-8F68-4167ED213484}.Debug|Any CPU.ActiveCfg = Debug|Any CPU
		{78AC88B3-928C-440D-8F68-4167ED213484}.Debug|Any CPU.Build.0 = Debug|Any CPU
		{78AC88B3-928C-440D-8F68-4167ED213484}.Debug|x64.ActiveCfg = Debug|Any CPU
		{78AC88B3-928C-440D-8F68-4167ED213484}.Debug|x64.Build.0 = Debug|Any CPU
		{78AC88B3-928C-440D-8F68-4167ED213484}.Debug|x86.ActiveCfg = Debug|Any CPU
		{78AC88B3-928C-440D-8F68-4167ED213484}.Debug|x86.Build.0 = Debug|Any CPU
		{78AC88B3-928C-440D-8F68-4167ED213484}.Release|Any CPU.ActiveCfg = Release|Any CPU
		{78AC88B3-928C-440D-8F68-4167ED213484}.Release|Any CPU.Build.0 = Release|Any CPU
		{78AC88B3-928C-440D-8F68-4167ED213484}.Release|x64.ActiveCfg = Release|Any CPU
		{78AC88B3-928C-440D-8F68-4167ED213484}.Release|x64.Build.0 = Release|Any CPU
		{78AC88B3-928C-440D-8F68-4167ED213484}.Release|x86.ActiveCfg = Release|Any CPU
		{78AC88B3-928C-440D-8F68-4167ED213484}.Release|x86.Build.0 = Release|Any CPU
		{11F0ECC4-11C6-47F4-8460-81D9575D38C6}.Debug|Any CPU.ActiveCfg = Debug|Any CPU
		{11F0ECC4-11C6-47F4-8460-81D9575D38C6}.Debug|Any CPU.Build.0 = Debug|Any CPU
		{11F0ECC4-11C6-47F4-8460-81D9575D38C6}.Debug|x64.ActiveCfg = Debug|Any CPU
		{11F0ECC4-11C6-47F4-8460-81D9575D38C6}.Debug|x64.Build.0 = Debug|Any CPU
		{11F0ECC4-11C6-47F4-8460-81D9575D38C6}.Debug|x86.ActiveCfg = Debug|Any CPU
		{11F0ECC4-11C6-47F4-8460-81D9575D38C6}.Debug|x86.Build.0 = Debug|Any CPU
		{11F0ECC4-11C6-47F4-8460-81D9575D38C6}.Release|Any CPU.ActiveCfg = Release|Any CPU
		{11F0ECC4-11C6-47F4-8460-81D9575D38C6}.Release|Any CPU.Build.0 = Release|Any CPU
		{11F0ECC4-11C6-47F4-8460-81D9575D38C6}.Release|x64.ActiveCfg = Release|Any CPU
		{11F0ECC4-11C6-47F4-8460-81D9575D38C6}.Release|x64.Build.0 = Release|Any CPU
		{11F0ECC4-11C6-47F4-8460-81D9575D38C6}.Release|x86.ActiveCfg = Release|Any CPU
		{11F0ECC4-11C6-47F4-8460-81D9575D38C6}.Release|x86.Build.0 = Release|Any CPU
		{FC8DEA54-2913-4C4A-B224-F003D14DCC7B}.Debug|Any CPU.ActiveCfg = Debug|Any CPU
		{FC8DEA54-2913-4C4A-B224-F003D14DCC7B}.Debug|Any CPU.Build.0 = Debug|Any CPU
		{FC8DEA54-2913-4C4A-B224-F003D14DCC7B}.Debug|x64.ActiveCfg = Debug|Any CPU
		{FC8DEA54-2913-4C4A-B224-F003D14DCC7B}.Debug|x64.Build.0 = Debug|Any CPU
		{FC8DEA54-2913-4C4A-B224-F003D14DCC7B}.Debug|x86.ActiveCfg = Debug|Any CPU
		{FC8DEA54-2913-4C4A-B224-F003D14DCC7B}.Debug|x86.Build.0 = Debug|Any CPU
		{FC8DEA54-2913-4C4A-B224-F003D14DCC7B}.Release|Any CPU.ActiveCfg = Release|Any CPU
		{FC8DEA54-2913-4C4A-B224-F003D14DCC7B}.Release|Any CPU.Build.0 = Release|Any CPU
		{FC8DEA54-2913-4C4A-B224-F003D14DCC7B}.Release|x64.ActiveCfg = Release|Any CPU
		{FC8DEA54-2913-4C4A-B224-F003D14DCC7B}.Release|x64.Build.0 = Release|Any CPU
		{FC8DEA54-2913-4C4A-B224-F003D14DCC7B}.Release|x86.ActiveCfg = Release|Any CPU
		{FC8DEA54-2913-4C4A-B224-F003D14DCC7B}.Release|x86.Build.0 = Release|Any CPU
		{89BCD909-9F15-4876-94A2-D01C45443937}.Debug|Any CPU.ActiveCfg = Debug|Any CPU
		{89BCD909-9F15-4876-94A2-D01C45443937}.Debug|Any CPU.Build.0 = Debug|Any CPU
		{89BCD909-9F15-4876-94A2-D01C45443937}.Debug|x64.ActiveCfg = Debug|Any CPU
		{89BCD909-9F15-4876-94A2-D01C45443937}.Debug|x64.Build.0 = Debug|Any CPU
		{89BCD909-9F15-4876-94A2-D01C45443937}.Debug|x86.ActiveCfg = Debug|Any CPU
		{89BCD909-9F15-4876-94A2-D01C45443937}.Debug|x86.Build.0 = Debug|Any CPU
		{89BCD909-9F15-4876-94A2-D01C45443937}.Release|Any CPU.ActiveCfg = Release|Any CPU
		{89BCD909-9F15-4876-94A2-D01C45443937}.Release|Any CPU.Build.0 = Release|Any CPU
		{89BCD909-9F15-4876-94A2-D01C45443937}.Release|x64.ActiveCfg = Release|Any CPU
		{89BCD909-9F15-4876-94A2-D01C45443937}.Release|x64.Build.0 = Release|Any CPU
		{89BCD909-9F15-4876-94A2-D01C45443937}.Release|x86.ActiveCfg = Release|Any CPU
		{89BCD909-9F15-4876-94A2-D01C45443937}.Release|x86.Build.0 = Release|Any CPU
	EndGlobalSection
	GlobalSection(SolutionProperties) = preSolution
		HideSolutionNode = FALSE
	EndGlobalSection
EndGlobal
