Microsoft Visual Studio Solution File, Format Version 12.00
# Visual Studio 2012
Project("{FAE04EC0-301F-11D3-BF4B-00C04F79EFBC}") = "BCS-VR-Museum", "BCS-VR-Museum.csproj", "{60CA0ACF-AC49-4776-919A-CA72C65A7343}"
EndProject
Project("{FAE04EC0-301F-11D3-BF4B-00C04F79EFBC}") = "Server", "..\Server\Server\Server.csproj", "{8C483808-9E8A-4998-BD8D-39C2563CD955}"
EndProject
Global
	GlobalSection(SolutionConfigurationPlatforms) = preSolution
	Debug|Any CPU = Debug|Any CPU
	ExportDebug|Any CPU = ExportDebug|Any CPU
	ExportRelease|Any CPU = ExportRelease|Any CPU
	EndGlobalSection
	GlobalSection(ProjectConfigurationPlatforms) = postSolution
		{60CA0ACF-AC49-4776-919A-CA72C65A7343}.Debug|Any CPU.ActiveCfg = Debug|Any CPU
		{60CA0ACF-AC49-4776-919A-CA72C65A7343}.Debug|Any CPU.Build.0 = Debug|Any CPU
		{60CA0ACF-AC49-4776-919A-CA72C65A7343}.ExportDebug|Any CPU.ActiveCfg = ExportDebug|Any CPU
		{60CA0ACF-AC49-4776-919A-CA72C65A7343}.ExportDebug|Any CPU.Build.0 = ExportDebug|Any CPU
		{60CA0ACF-AC49-4776-919A-CA72C65A7343}.ExportRelease|Any CPU.ActiveCfg = ExportRelease|Any CPU
		{60CA0ACF-AC49-4776-919A-CA72C65A7343}.ExportRelease|Any CPU.Build.0 = ExportRelease|Any CPU
		{8C483808-9E8A-4998-BD8D-39C2563CD955}.Debug|Any CPU.ActiveCfg = Debug|Any CPU
		{8C483808-9E8A-4998-BD8D-39C2563CD955}.Debug|Any CPU.Build.0 = Debug|Any CPU
		{8C483808-9E8A-4998-BD8D-39C2563CD955}.ExportDebug|Any CPU.ActiveCfg = Debug|Any CPU
		{8C483808-9E8A-4998-BD8D-39C2563CD955}.ExportDebug|Any CPU.Build.0 = Debug|Any CPU
		{8C483808-9E8A-4998-BD8D-39C2563CD955}.ExportRelease|Any CPU.ActiveCfg = Debug|Any CPU
		{8C483808-9E8A-4998-BD8D-39C2563CD955}.ExportRelease|Any CPU.Build.0 = Debug|Any CPU
	EndGlobalSection
EndGlobal
